// !$*UTF8*$!
{
	archiveVersion = 1;
	classes = {
	};
	objectVersion = 46;
	objects = {

/* Begin PBXBuildFile section */
		AFEAD7F41B20F4D7007824A4 /* main.cpp in Sources */ = {isa = PBXBuildFile; fileRef = AFEAD7F01B20F4D7007824A4 /* main.cpp */; };
		AFEAD7F51B20F4D7007824A4 /* radianceGPU.cl in Sources */ = {isa = PBXBuildFile; fileRef = AFEAD7F21B20F4D7007824A4 /* radianceGPU.cl */; };
		AFEAD7F71B20F509007824A4 /* OpenCL.framework in Frameworks */ = {isa = PBXBuildFile; fileRef = AFEAD7F61B20F509007824A4 /* OpenCL.framework */; };
/* End PBXBuildFile section */

/* Begin PBXCopyFilesBuildPhase section */
		AFEAD7E41B20F4A6007824A4 /* CopyFiles */ = {
			isa = PBXCopyFilesBuildPhase;
			buildActionMask = 2147483647;
			dstPath = /usr/share/man/man1/;
			dstSubfolderSpec = 0;
			files = (
			);
			runOnlyForDeploymentPostprocessing = 1;
		};
/* End PBXCopyFilesBuildPhase section */

/* Begin PBXFileReference section */
		AFEAD7E61B20F4A6007824A4 /* Cornell_OpenCL */ = {isa = PBXFileReference; explicitFileType = "compiled.mach-o.executable"; includeInIndex = 0; path = Cornell_OpenCL; sourceTree = BUILT_PRODUCTS_DIR; };
		AFEAD7F01B20F4D7007824A4 /* main.cpp */ = {isa = PBXFileReference; fileEncoding = 4; lastKnownFileType = sourcecode.cpp.cpp; path = main.cpp; sourceTree = "<group>"; };
		AFEAD7F11B20F4D7007824A4 /* primitives.h */ = {isa = PBXFileReference; fileEncoding = 4; lastKnownFileType = sourcecode.c.h; path = primitives.h; sourceTree = "<group>"; };
		AFEAD7F21B20F4D7007824A4 /* radianceGPU.cl */ = {isa = PBXFileReference; fileEncoding = 4; lastKnownFileType = sourcecode.opencl; path = radianceGPU.cl; sourceTree = "<group>"; };
		AFEAD7F31B20F4D7007824A4 /* scene.h */ = {isa = PBXFileReference; fileEncoding = 4; lastKnownFileType = sourcecode.c.h; path = scene.h; sourceTree = "<group>"; };
		AFEAD7F61B20F509007824A4 /* OpenCL.framework */ = {isa = PBXFileReference; lastKnownFileType = wrapper.framework; name = OpenCL.framework; path = System/Library/Frameworks/OpenCL.framework; sourceTree = SDKROOT; };
/* End PBXFileReference section */

/* Begin PBXFrameworksBuildPhase section */
		AFEAD7E31B20F4A6007824A4 /* Frameworks */ = {
			isa = PBXFrameworksBuildPhase;
			buildActionMask = 2147483647;
			files = (
				AFEAD7F71B20F509007824A4 /* OpenCL.framework in Frameworks */,
			);
			runOnlyForDeploymentPostprocessing = 0;
		};
/* End PBXFrameworksBuildPhase section */

/* Begin PBXGroup section */
		AFEAD7DD1B20F4A6007824A4 = {
			isa = PBXGroup;
			children = (
				AFEAD7F61B20F509007824A4 /* OpenCL.framework */,
				AFEAD7E81B20F4A6007824A4 /* Cornell_OpenCL */,
				AFEAD7E71B20F4A6007824A4 /* Products */,
			);
			sourceTree = "<group>";
		};
		AFEAD7E71B20F4A6007824A4 /* Products */ = {
			isa = PBXGroup;
			children = (
				AFEAD7E61B20F4A6007824A4 /* Cornell_OpenCL */,
			);
			name = Products;
			sourceTree = "<group>";
		};
		AFEAD7E81B20F4A6007824A4 /* Cornell_OpenCL */ = {
			isa = PBXGroup;
			children = (
				AFEAD7F01B20F4D7007824A4 /* main.cpp */,
				AFEAD7F11B20F4D7007824A4 /* primitives.h */,
				AFEAD7F21B20F4D7007824A4 /* radianceGPU.cl */,
				AFEAD7F31B20F4D7007824A4 /* scene.h */,
			);
			path = Cornell_OpenCL;
			sourceTree = "<group>";
		};
/* End PBXGroup section */

/* Begin PBXNativeTarget section */
		AFEAD7E51B20F4A6007824A4 /* Cornell_OpenCL */ = {
			isa = PBXNativeTarget;
			buildConfigurationList = AFEAD7ED1B20F4A6007824A4 /* Build configuration list for PBXNativeTarget "Cornell_OpenCL" */;
			buildPhases = (
				AFEAD7E21B20F4A6007824A4 /* Sources */,
				AFEAD7E31B20F4A6007824A4 /* Frameworks */,
				AFEAD7E41B20F4A6007824A4 /* CopyFiles */,
			);
			buildRules = (
			);
			dependencies = (
			);
			name = Cornell_OpenCL;
			productName = Cornell_OpenCL;
			productReference = AFEAD7E61B20F4A6007824A4 /* Cornell_OpenCL */;
			productType = "com.apple.product-type.tool";
		};
/* End PBXNativeTarget section */

/* Begin PBXProject section */
		AFEAD7DE1B20F4A6007824A4 /* Project object */ = {
			isa = PBXProject;
			attributes = {
				LastUpgradeCheck = 0630;
				ORGANIZATIONNAME = "Stylianos Piperakis";
				TargetAttributes = {
					AFEAD7E51B20F4A6007824A4 = {
						CreatedOnToolsVersion = 6.3.2;
					};
				};
			};
			buildConfigurationList = AFEAD7E11B20F4A6007824A4 /* Build configuration list for PBXProject "Cornell_OpenCL" */;
			compatibilityVersion = "Xcode 3.2";
			developmentRegion = English;
			hasScannedForEncodings = 0;
			knownRegions = (
				en,
			);
			mainGroup = AFEAD7DD1B20F4A6007824A4;
			productRefGroup = AFEAD7E71B20F4A6007824A4 /* Products */;
			projectDirPath = "";
			projectRoot = "";
			targets = (
				AFEAD7E51B20F4A6007824A4 /* Cornell_OpenCL */,
			);
		};
/* End PBXProject section */

/* Begin PBXSourcesBuildPhase section */
		AFEAD7E21B20F4A6007824A4 /* Sources */ = {
			isa = PBXSourcesBuildPhase;
			buildActionMask = 2147483647;
			files = (
				AFEAD7F51B20F4D7007824A4 /* radianceGPU.cl in Sources */,
				AFEAD7F41B20F4D7007824A4 /* main.cpp in Sources */,
			);
			runOnlyForDeploymentPostprocessing = 0;
		};
/* End PBXSourcesBuildPhase section */

/* Begin XCBuildConfiguration section */
		AFEAD7EB1B20F4A6007824A4 /* Debug */ = {
			isa = XCBuildConfiguration;
			buildSettings = {
				ALWAYS_SEARCH_USER_PATHS = NO;
				CLANG_CXX_LANGUAGE_STANDARD = "gnu++0x";
				CLANG_CXX_LIBRARY = "libc++";
				CLANG_ENABLE_MODULES = YES;
				CLANG_ENABLE_OBJC_ARC = YES;
				CLANG_WARN_BOOL_CONVERSION = YES;
				CLANG_WARN_CONSTANT_CONVERSION = YES;
				CLANG_WARN_DIRECT_OBJC_ISA_USAGE = YES_ERROR;
				CLANG_WARN_EMPTY_BODY = YES;
				CLANG_WARN_ENUM_CONVERSION = YES;
				CLANG_WARN_INT_CONVERSION = YES;
				CLANG_WARN_OBJC_ROOT_CLASS = YES_ERROR;
				CLANG_WARN_UNREACHABLE_CODE = YES;
				CLANG_WARN__DUPLICATE_METHOD_MATCH = YES;
				COPY_PHASE_STRIP = NO;
				DEBUG_INFORMATION_FORMAT = dwarf;
				ENABLE_STRICT_OBJC_MSGSEND = YES;
				GCC_C_LANGUAGE_STANDARD = gnu99;
				GCC_DYNAMIC_NO_PIC = NO;
				GCC_NO_COMMON_BLOCKS = YES;
				GCC_OPTIMIZATION_LEVEL = 0;
				GCC_PREPROCESSOR_DEFINITIONS = (
					"DEBUG=1",
					"$(inherited)",
				);
				GCC_SYMBOLS_PRIVATE_EXTERN = NO;
				GCC_WARN_64_TO_32_BIT_CONVERSION = YES;
				GCC_WARN_ABOUT_RETURN_TYPE = YES_ERROR;
				GCC_WARN_UNDECLARED_SELECTOR = YES;
				GCC_WARN_UNINITIALIZED_AUTOS = YES_AGGRESSIVE;
				GCC_WARN_UNUSED_FUNCTION = YES;
				GCC_WARN_UNUSED_VARIABLE = YES;
				MACOSX_DEPLOYMENT_TARGET = 10.10;
				MTL_ENABLE_DEBUG_INFO = YES;
				ONLY_ACTIVE_ARCH = YES;
				SDKROOT = macosx;
			};
			name = Debug;
		};
		AFEAD7EC1B20F4A6007824A4 /* Release */ = {
			isa = XCBuildConfiguration;
			buildSettings = {
				ALWAYS_SEARCH_USER_PATHS = NO;
				CLANG_CXX_LANGUAGE_STANDARD = "gnu++0x";
				CLANG_CXX_LIBRARY = "libc++";
				CLANG_ENABLE_MODULES = YES;
				CLANG_ENABLE_OBJC_ARC = YES;
				CLANG_WARN_BOOL_CONVERSION = YES;
				CLANG_WARN_CONSTANT_CONVERSION = YES;
				CLANG_WARN_DIRECT_OBJC_ISA_USAGE = YES_ERROR;
				CLANG_WARN_EMPTY_BODY = YES;
				CLANG_WARN_ENUM_CONVERSION = YES;
				CLANG_WARN_INT_CONVERSION = YES;
				CLANG_WARN_OBJC_ROOT_CLASS = YES_ERROR;
				CLANG_WARN_UNREACHABLE_CODE = YES;
				CLANG_WARN__DUPLICATE_METHOD_MATCH = YES;
				COPY_PHASE_STRIP = NO;
				DEBUG_INFORMATION_FORMAT = "dwarf-with-dsym";
				ENABLE_NS_ASSERTIONS = NO;
				ENABLE_STRICT_OBJC_MSGSEND = YES;
				GCC_C_LANGUAGE_STANDARD = gnu99;
				GCC_NO_COMMON_BLOCKS = YES;
				GCC_WARN_64_TO_32_BIT_CONVERSION = YES;
				GCC_WARN_ABOUT_RETURN_TYPE = YES_ERROR;
				GCC_WARN_UNDECLARED_SELECTOR = YES;
				GCC_WARN_UNINITIALIZED_AUTOS = YES_AGGRESSIVE;
				GCC_WARN_UNUSED_FUNCTION = YES;
				GCC_WARN_UNUSED_VARIABLE = YES;
				MACOSX_DEPLOYMENT_TARGET = 10.10;
				MTL_ENABLE_DEBUG_INFO = NO;
				SDKROOT = macosx;
			};
			name = Release;
		};
		AFEAD7EE1B20F4A6007824A4 /* Debug */ = {
			isa = XCBuildConfiguration;
			buildSettings = {
				OTHER_LDFLAGS = "-Wl,-stack_size,0x10000000";
				PRODUCT_NAME = "$(TARGET_NAME)";
			};
			name = Debug;
		};
		AFEAD7EF1B20F4A6007824A4 /* Release */ = {
			isa = XCBuildConfiguration;
			buildSettings = {
				OTHER_LDFLAGS = "-Wl,-stack_size,0x10000000";
				PRODUCT_NAME = "$(TARGET_NAME)";
			};
			name = Release;
		};
/* End XCBuildConfiguration section */

/* Begin XCConfigurationList section */
		AFEAD7E11B20F4A6007824A4 /* Build configuration list for PBXProject "Cornell_OpenCL" */ = {
			isa = XCConfigurationList;
			buildConfigurations = (
				AFEAD7EB1B20F4A6007824A4 /* Debug */,
				AFEAD7EC1B20F4A6007824A4 /* Release */,
			);
			defaultConfigurationIsVisible = 0;
			defaultConfigurationName = Release;
		};
		AFEAD7ED1B20F4A6007824A4 /* Build configuration list for PBXNativeTarget "Cornell_OpenCL" */ = {
			isa = XCConfigurationList;
			buildConfigurations = (
				AFEAD7EE1B20F4A6007824A4 /* Debug */,
				AFEAD7EF1B20F4A6007824A4 /* Release */,
			);
			defaultConfigurationIsVisible = 0;
		};
/* End XCConfigurationList section */
	};
	rootObject = AFEAD7DE1B20F4A6007824A4 /* Project object */;
}
